
Microsoft Visual Studio Solution File, Format Version 12.00
# Visual Studio 15
VisualStudioVersion = 15.0.28307.1340
MinimumVisualStudioVersion = 10.0.40219.1
Project("{FAE04EC0-301F-11D3-BF4B-00C04F79EFBC}") = "BoardGamePrep", "BoardGamePrep\BoardGamePrep.csproj", "{B26ABE44-4A87-4A2A-B047-90F9FA913622}"
EndProject
Global
	GlobalSection(SolutionConfigurationPlatforms) = preSolution
		Debug|Any CPU = Debug|Any CPU
		Release|Any CPU = Release|Any CPU
	EndGlobalSection
	GlobalSection(ProjectConfigurationPlatforms) = postSolution
		{B26ABE44-4A87-4A2A-B047-90F9FA913622}.Debug|Any CPU.ActiveCfg = Debug|Any CPU
		{B26ABE44-4A87-4A2A-B047-90F9FA913622}.Debug|Any CPU.Build.0 = Debug|Any CPU
		{B26ABE44-4A87-4A2A-B047-90F9FA913622}.Release|Any CPU.ActiveCfg = Release|Any CPU
		{B26ABE44-4A87-4A2A-B047-90F9FA913622}.Release|Any CPU.Build.0 = Release|Any CPU
	EndGlobalSection
	GlobalSection(SolutionProperties) = preSolution
		HideSolutionNode = FALSE
	EndGlobalSection
	GlobalSection(ExtensibilityGlobals) = postSolution
		SolutionGuid = {24B85036-ECA5-46A3-B0FF-9F3211665B8A}
	EndGlobalSection
EndGlobal
